
Microsoft Visual Studio Solution File, Format Version 12.00
# Visual Studio Version 17
VisualStudioVersion = 17.5.33414.496
MinimumVisualStudioVersion = 10.0.40219.1
Project("{8BC9CEB8-8B4A-11D0-8D11-00A0C91BC942}") = "4-b14", "4-b14\4-b14.vcxproj", "{404AA5B8-E5CF-469A-B2FE-ACC9E421CE6F}"
EndProject
Project("{8BC9CEB8-8B4A-11D0-8D11-00A0C91BC942}") = "4-b15", "4-b15\4-b15.vcxproj", "{3FD87EEE-DF96-45BD-B5EE-66C3390C169C}"
EndProject
Project("{8BC9CEB8-8B4A-11D0-8D11-00A0C91BC942}") = "4-b16", "4-b16\4-b16.vcxproj", "{C42857BE-24DC-4FE2-8E9F-DDF8EEA80F85}"
EndProject
Project("{8BC9CEB8-8B4A-11D0-8D11-00A0C91BC942}") = "4-b17", "4-b17\4-b17.vcxproj", "{43601260-A0A1-493F-AB0B-35F7D2DDDC3F}"
EndProject
Global
	GlobalSection(SolutionConfigurationPlatforms) = preSolution
		Debug|x64 = Debug|x64
		Debug|x86 = Debug|x86
		Release|x64 = Release|x64
		Release|x86 = Release|x86
	EndGlobalSection
	GlobalSection(ProjectConfigurationPlatforms) = postSolution
		{404AA5B8-E5CF-469A-B2FE-ACC9E421CE6F}.Debug|x64.ActiveCfg = Debug|x64
		{404AA5B8-E5CF-469A-B2FE-ACC9E421CE6F}.Debug|x64.Build.0 = Debug|x64
		{404AA5B8-E5CF-469A-B2FE-ACC9E421CE6F}.Debug|x86.ActiveCfg = Debug|Win32
		{404AA5B8-E5CF-469A-B2FE-ACC9E421CE6F}.Debug|x86.Build.0 = Debug|Win32
		{404AA5B8-E5CF-469A-B2FE-ACC9E421CE6F}.Release|x64.ActiveCfg = Release|x64
		{404AA5B8-E5CF-469A-B2FE-ACC9E421CE6F}.Release|x64.Build.0 = Release|x64
		{404AA5B8-E5CF-469A-B2FE-ACC9E421CE6F}.Release|x86.ActiveCfg = Release|Win32
		{404AA5B8-E5CF-469A-B2FE-ACC9E421CE6F}.Release|x86.Build.0 = Release|Win32
		{3FD87EEE-DF96-45BD-B5EE-66C3390C169C}.Debug|x64.ActiveCfg = Debug|x64
		{3FD87EEE-DF96-45BD-B5EE-66C3390C169C}.Debug|x64.Build.0 = Debug|x64
		{3FD87EEE-DF96-45BD-B5EE-66C3390C169C}.Debug|x86.ActiveCfg = Debug|Win32
		{3FD87EEE-DF96-45BD-B5EE-66C3390C169C}.Debug|x86.Build.0 = Debug|Win32
		{3FD87EEE-DF96-45BD-B5EE-66C3390C169C}.Release|x64.ActiveCfg = Release|x64
		{3FD87EEE-DF96-45BD-B5EE-66C3390C169C}.Release|x64.Build.0 = Release|x64
		{3FD87EEE-DF96-45BD-B5EE-66C3390C169C}.Release|x86.ActiveCfg = Release|Win32
		{3FD87EEE-DF96-45BD-B5EE-66C3390C169C}.Release|x86.Build.0 = Release|Win32
		{C42857BE-24DC-4FE2-8E9F-DDF8EEA80F85}.Debug|x64.ActiveCfg = Debug|x64
		{C42857BE-24DC-4FE2-8E9F-DDF8EEA80F85}.Debug|x64.Build.0 = Debug|x64
		{C42857BE-24DC-4FE2-8E9F-DDF8EEA80F85}.Debug|x86.ActiveCfg = Debug|Win32
		{C42857BE-24DC-4FE2-8E9F-DDF8EEA80F85}.Debug|x86.Build.0 = Debug|Win32
		{C42857BE-24DC-4FE2-8E9F-DDF8EEA80F85}.Release|x64.ActiveCfg = Release|x64
		{C42857BE-24DC-4FE2-8E9F-DDF8EEA80F85}.Release|x64.Build.0 = Release|x64
		{C42857BE-24DC-4FE2-8E9F-DDF8EEA80F85}.Release|x86.ActiveCfg = Release|Win32
		{C42857BE-24DC-4FE2-8E9F-DDF8EEA80F85}.Release|x86.Build.0 = Release|Win32
		{43601260-A0A1-493F-AB0B-35F7D2DDDC3F}.Debug|x64.ActiveCfg = Debug|x64
		{43601260-A0A1-493F-AB0B-35F7D2DDDC3F}.Debug|x64.Build.0 = Debug|x64
		{43601260-A0A1-493F-AB0B-35F7D2DDDC3F}.Debug|x86.ActiveCfg = Debug|Win32
		{43601260-A0A1-493F-AB0B-35F7D2DDDC3F}.Debug|x86.Build.0 = Debug|Win32
		{43601260-A0A1-493F-AB0B-35F7D2DDDC3F}.Release|x64.ActiveCfg = Release|x64
		{43601260-A0A1-493F-AB0B-35F7D2DDDC3F}.Release|x64.Build.0 = Release|x64
		{43601260-A0A1-493F-AB0B-35F7D2DDDC3F}.Release|x86.ActiveCfg = Release|Win32
		{43601260-A0A1-493F-AB0B-35F7D2DDDC3F}.Release|x86.Build.0 = Release|Win32
	EndGlobalSection
	GlobalSection(SolutionProperties) = preSolution
		HideSolutionNode = FALSE
	EndGlobalSection
	GlobalSection(ExtensibilityGlobals) = postSolution
		SolutionGuid = {E5E81C83-90DE-4EBD-81BD-33B18380AD5C}
	EndGlobalSection
EndGlobal
